// !$*UTF8*$!
{
	archiveVersion = 1;
	classes = {
	};
	objectVersion = 46;
	objects = {

/* Begin PBXBuildFile section */
		6D21614D1DC8C9EB00015167 /* main.m in Sources */ = {isa = PBXBuildFile; fileRef = 6D21614C1DC8C9EB00015167 /* main.m */; };
		6D2161501DC8C9EB00015167 /* AppDelegate.m in Sources */ = {isa = PBXBuildFile; fileRef = 6D21614F1DC8C9EB00015167 /* AppDelegate.m */; };
		6D2161531DC8C9EB00015167 /* ViewController.m in Sources */ = {isa = PBXBuildFile; fileRef = 6D2161521DC8C9EB00015167 /* ViewController.m */; };
		6D2161561DC8C9EB00015167 /* Main.storyboard in Resources */ = {isa = PBXBuildFile; fileRef = 6D2161541DC8C9EB00015167 /* Main.storyboard */; };
		6D2161581DC8C9EB00015167 /* Assets.xcassets in Resources */ = {isa = PBXBuildFile; fileRef = 6D2161571DC8C9EB00015167 /* Assets.xcassets */; };
		6D21615B1DC8C9EB00015167 /* LaunchScreen.storyboard in Resources */ = {isa = PBXBuildFile; fileRef = 6D2161591DC8C9EB00015167 /* LaunchScreen.storyboard */; };
		6D63E6441DCF4F8600667AF6 /* libsqlite3.0.tbd in Frameworks */ = {isa = PBXBuildFile; fileRef = 6D63E6431DCF4F8600667AF6 /* libsqlite3.0.tbd */; };
		C82185D31DD4206D0094128F /* ReadTestTableViewController.m in Sources */ = {isa = PBXBuildFile; fileRef = C82185D21DD4206D0094128F /* ReadTestTableViewController.m */; };
		C82185DC1DD43F0E0094128F /* TestQuestionViewController.m in Sources */ = {isa = PBXBuildFile; fileRef = C82185DA1DD43F0E0094128F /* TestQuestionViewController.m */; };
		C82185DD1DD43F0E0094128F /* TestQuestionViewController.xib in Resources */ = {isa = PBXBuildFile; fileRef = C82185DB1DD43F0E0094128F /* TestQuestionViewController.xib */; };
		C82185E01DD43F1E0094128F /* TestPageTableViewController.m in Sources */ = {isa = PBXBuildFile; fileRef = C82185DF1DD43F1E0094128F /* TestPageTableViewController.m */; };
		C82185E21DD45DB10094128F /* libDataProcessLayer.a in Frameworks */ = {isa = PBXBuildFile; fileRef = C82185E11DD45DB10094128F /* libDataProcessLayer.a */; };
		C83DBC5F1DCD711A00CF29C0 /* DEMOFirstViewController.m in Sources */ = {isa = PBXBuildFile; fileRef = C83DBC501DCD711A00CF29C0 /* DEMOFirstViewController.m */; };
		C83DBC601DCD711A00CF29C0 /* DEMOLeftMenuViewController.m in Sources */ = {isa = PBXBuildFile; fileRef = C83DBC521DCD711A00CF29C0 /* DEMOLeftMenuViewController.m */; };
		C83DBC611DCD711A00CF29C0 /* DEMORightMenuViewController.m in Sources */ = {isa = PBXBuildFile; fileRef = C83DBC541DCD711A00CF29C0 /* DEMORightMenuViewController.m */; };
		C83DBC621DCD711A00CF29C0 /* DEMOSecondViewController.m in Sources */ = {isa = PBXBuildFile; fileRef = C83DBC561DCD711A00CF29C0 /* DEMOSecondViewController.m */; };
		C83DBC631DCD711A00CF29C0 /* Images.xcassets in Resources */ = {isa = PBXBuildFile; fileRef = C83DBC571DCD711A00CF29C0 /* Images.xcassets */; };
		C83DBC641DCD711A00CF29C0 /* RECommonFunctions.m in Sources */ = {isa = PBXBuildFile; fileRef = C83DBC5A1DCD711A00CF29C0 /* RECommonFunctions.m */; };
		C83DBC651DCD711A00CF29C0 /* RESideMenu.m in Sources */ = {isa = PBXBuildFile; fileRef = C83DBC5C1DCD711A00CF29C0 /* RESideMenu.m */; };
		C83DBC661DCD711A00CF29C0 /* UIViewController+RESideMenu.m in Sources */ = {isa = PBXBuildFile; fileRef = C83DBC5E1DCD711A00CF29C0 /* UIViewController+RESideMenu.m */; };
		C83DBC691DCD726900CF29C0 /* ReadTrainTableViewController.m in Sources */ = {isa = PBXBuildFile; fileRef = C83DBC681DCD726900CF29C0 /* ReadTrainTableViewController.m */; };
		C83DBC6C1DCD734C00CF29C0 /* AboutTableViewController.m in Sources */ = {isa = PBXBuildFile; fileRef = C83DBC6B1DCD734C00CF29C0 /* AboutTableViewController.m */; };
		C83DBC731DCD755D00CF29C0 /* iOSLogEngine.mm in Sources */ = {isa = PBXBuildFile; fileRef = C83DBC711DCD755D00CF29C0 /* iOSLogEngine.mm */; };
		C83DBC761DCD75AE00CF29C0 /* ToolCommon.m in Sources */ = {isa = PBXBuildFile; fileRef = C83DBC751DCD75AE00CF29C0 /* ToolCommon.m */; };
		C83DBC791DCD7CD900CF29C0 /* profile.png in Resources */ = {isa = PBXBuildFile; fileRef = C83DBC781DCD7CD900CF29C0 /* profile.png */; };
		C83DBC7C1DCD84EE00CF29C0 /* UICommon.m in Sources */ = {isa = PBXBuildFile; fileRef = C83DBC7B1DCD84EE00CF29C0 /* UICommon.m */; };
		C83DBC7F1DCD855600CF29C0 /* home_icon_cebianlan_normal.png in Resources */ = {isa = PBXBuildFile; fileRef = C83DBC7D1DCD855500CF29C0 /* home_icon_cebianlan_normal.png */; };
		C83DBC801DCD855600CF29C0 /* home_icon_cebianlan_selected.png in Resources */ = {isa = PBXBuildFile; fileRef = C83DBC7E1DCD855500CF29C0 /* home_icon_cebianlan_selected.png */; };
		C83DBC821DCDBE0400CF29C0 /* home_icon_cebianlan_selecte.png in Resources */ = {isa = PBXBuildFile; fileRef = C83DBC811DCDBE0400CF29C0 /* home_icon_cebianlan_selecte.png */; };
		C83DBCEF1DD31B5800CF29C0 /* create_load.sql in Resources */ = {isa = PBXBuildFile; fileRef = C83DBCEB1DD31B5800CF29C0 /* create_load.sql */; };
		C83DBCF01DD31B5800CF29C0 /* db1.sql in Resources */ = {isa = PBXBuildFile; fileRef = C83DBCEC1DD31B5800CF29C0 /* db1.sql */; };
		C83DBCF11DD31B5800CF29C0 /* db1.sqlite in Resources */ = {isa = PBXBuildFile; fileRef = C83DBCED1DD31B5800CF29C0 /* db1.sqlite */; };
		C83DBCF21DD31B5800CF29C0 /* DBConfig.plist in Resources */ = {isa = PBXBuildFile; fileRef = C83DBCEE1DD31B5800CF29C0 /* DBConfig.plist */; };
/* End PBXBuildFile section */

/* Begin PBXFileReference section */
		6D2161481DC8C9EB00015167 /* testTextView.app */ = {isa = PBXFileReference; explicitFileType = wrapper.application; includeInIndex = 0; path = testTextView.app; sourceTree = BUILT_PRODUCTS_DIR; };
		6D21614C1DC8C9EB00015167 /* main.m */ = {isa = PBXFileReference; lastKnownFileType = sourcecode.c.objc; path = main.m; sourceTree = "<group>"; };
		6D21614E1DC8C9EB00015167 /* AppDelegate.h */ = {isa = PBXFileReference; lastKnownFileType = sourcecode.c.h; path = AppDelegate.h; sourceTree = "<group>"; };
		6D21614F1DC8C9EB00015167 /* AppDelegate.m */ = {isa = PBXFileReference; lastKnownFileType = sourcecode.c.objc; path = AppDelegate.m; sourceTree = "<group>"; };
		6D2161511DC8C9EB00015167 /* ViewController.h */ = {isa = PBXFileReference; lastKnownFileType = sourcecode.c.h; path = ViewController.h; sourceTree = "<group>"; };
		6D2161521DC8C9EB00015167 /* ViewController.m */ = {isa = PBXFileReference; lastKnownFileType = sourcecode.c.objc; path = ViewController.m; sourceTree = "<group>"; };
		6D2161551DC8C9EB00015167 /* Base */ = {isa = PBXFileReference; lastKnownFileType = file.storyboard; name = Base; path = Base.lproj/Main.storyboard; sourceTree = "<group>"; };
		6D2161571DC8C9EB00015167 /* Assets.xcassets */ = {isa = PBXFileReference; lastKnownFileType = folder.assetcatalog; path = Assets.xcassets; sourceTree = "<group>"; };
		6D21615A1DC8C9EB00015167 /* Base */ = {isa = PBXFileReference; lastKnownFileType = file.storyboard; name = Base; path = Base.lproj/LaunchScreen.storyboard; sourceTree = "<group>"; };
		6D21615C1DC8C9EB00015167 /* Info.plist */ = {isa = PBXFileReference; lastKnownFileType = text.plist.xml; path = Info.plist; sourceTree = "<group>"; };
		6D63E6431DCF4F8600667AF6 /* libsqlite3.0.tbd */ = {isa = PBXFileReference; lastKnownFileType = "sourcecode.text-based-dylib-definition"; name = libsqlite3.0.tbd; path = usr/lib/libsqlite3.0.tbd; sourceTree = SDKROOT; };
		C82185D11DD4206D0094128F /* ReadTestTableViewController.h */ = {isa = PBXFileReference; fileEncoding = 4; lastKnownFileType = sourcecode.c.h; path = ReadTestTableViewController.h; sourceTree = "<group>"; };
		C82185D21DD4206D0094128F /* ReadTestTableViewController.m */ = {isa = PBXFileReference; fileEncoding = 4; lastKnownFileType = sourcecode.c.objc; path = ReadTestTableViewController.m; sourceTree = "<group>"; };
		C82185D91DD43F0E0094128F /* TestQuestionViewController.h */ = {isa = PBXFileReference; fileEncoding = 4; lastKnownFileType = sourcecode.c.h; path = TestQuestionViewController.h; sourceTree = "<group>"; };
		C82185DA1DD43F0E0094128F /* TestQuestionViewController.m */ = {isa = PBXFileReference; fileEncoding = 4; lastKnownFileType = sourcecode.c.objc; path = TestQuestionViewController.m; sourceTree = "<group>"; };
		C82185DB1DD43F0E0094128F /* TestQuestionViewController.xib */ = {isa = PBXFileReference; fileEncoding = 4; lastKnownFileType = file.xib; path = TestQuestionViewController.xib; sourceTree = "<group>"; };
		C82185DE1DD43F1E0094128F /* TestPageTableViewController.h */ = {isa = PBXFileReference; fileEncoding = 4; lastKnownFileType = sourcecode.c.h; path = TestPageTableViewController.h; sourceTree = "<group>"; };
		C82185DF1DD43F1E0094128F /* TestPageTableViewController.m */ = {isa = PBXFileReference; fileEncoding = 4; lastKnownFileType = sourcecode.c.objc; path = TestPageTableViewController.m; sourceTree = "<group>"; };
		C82185E11DD45DB10094128F /* libDataProcessLayer.a */ = {isa = PBXFileReference; lastKnownFileType = archive.ar; name = libDataProcessLayer.a; path = "../../../Library/Developer/Xcode/DerivedData/QuickRead-fdwqlytkhzdrcceuaagrpnzxantl/Build/Products/Debug-iphonesimulator/libDataProcessLayer.a"; sourceTree = "<group>"; };
		C83DBC4F1DCD711A00CF29C0 /* DEMOFirstViewController.h */ = {isa = PBXFileReference; fileEncoding = 4; lastKnownFileType = sourcecode.c.h; path = DEMOFirstViewController.h; sourceTree = "<group>"; };
		C83DBC501DCD711A00CF29C0 /* DEMOFirstViewController.m */ = {isa = PBXFileReference; fileEncoding = 4; lastKnownFileType = sourcecode.c.objc; path = DEMOFirstViewController.m; sourceTree = "<group>"; };
		C83DBC511DCD711A00CF29C0 /* DEMOLeftMenuViewController.h */ = {isa = PBXFileReference; fileEncoding = 4; lastKnownFileType = sourcecode.c.h; path = DEMOLeftMenuViewController.h; sourceTree = "<group>"; };
		C83DBC521DCD711A00CF29C0 /* DEMOLeftMenuViewController.m */ = {isa = PBXFileReference; fileEncoding = 4; lastKnownFileType = sourcecode.c.objc; path = DEMOLeftMenuViewController.m; sourceTree = "<group>"; };
		C83DBC531DCD711A00CF29C0 /* DEMORightMenuViewController.h */ = {isa = PBXFileReference; fileEncoding = 4; lastKnownFileType = sourcecode.c.h; path = DEMORightMenuViewController.h; sourceTree = "<group>"; };
		C83DBC541DCD711A00CF29C0 /* DEMORightMenuViewController.m */ = {isa = PBXFileReference; fileEncoding = 4; lastKnownFileType = sourcecode.c.objc; path = DEMORightMenuViewController.m; sourceTree = "<group>"; };
		C83DBC551DCD711A00CF29C0 /* DEMOSecondViewController.h */ = {isa = PBXFileReference; fileEncoding = 4; lastKnownFileType = sourcecode.c.h; path = DEMOSecondViewController.h; sourceTree = "<group>"; };
		C83DBC561DCD711A00CF29C0 /* DEMOSecondViewController.m */ = {isa = PBXFileReference; fileEncoding = 4; lastKnownFileType = sourcecode.c.objc; path = DEMOSecondViewController.m; sourceTree = "<group>"; };
		C83DBC571DCD711A00CF29C0 /* Images.xcassets */ = {isa = PBXFileReference; lastKnownFileType = folder.assetcatalog; path = Images.xcassets; sourceTree = "<group>"; };
		C83DBC591DCD711A00CF29C0 /* RECommonFunctions.h */ = {isa = PBXFileReference; fileEncoding = 4; lastKnownFileType = sourcecode.c.h; path = RECommonFunctions.h; sourceTree = "<group>"; };
		C83DBC5A1DCD711A00CF29C0 /* RECommonFunctions.m */ = {isa = PBXFileReference; fileEncoding = 4; lastKnownFileType = sourcecode.c.objc; path = RECommonFunctions.m; sourceTree = "<group>"; };
		C83DBC5B1DCD711A00CF29C0 /* RESideMenu.h */ = {isa = PBXFileReference; fileEncoding = 4; lastKnownFileType = sourcecode.c.h; path = RESideMenu.h; sourceTree = "<group>"; };
		C83DBC5C1DCD711A00CF29C0 /* RESideMenu.m */ = {isa = PBXFileReference; fileEncoding = 4; lastKnownFileType = sourcecode.c.objc; path = RESideMenu.m; sourceTree = "<group>"; };
		C83DBC5D1DCD711A00CF29C0 /* UIViewController+RESideMenu.h */ = {isa = PBXFileReference; fileEncoding = 4; lastKnownFileType = sourcecode.c.h; path = "UIViewController+RESideMenu.h"; sourceTree = "<group>"; };
		C83DBC5E1DCD711A00CF29C0 /* UIViewController+RESideMenu.m */ = {isa = PBXFileReference; fileEncoding = 4; lastKnownFileType = sourcecode.c.objc; path = "UIViewController+RESideMenu.m"; sourceTree = "<group>"; };
		C83DBC671DCD726900CF29C0 /* ReadTrainTableViewController.h */ = {isa = PBXFileReference; fileEncoding = 4; lastKnownFileType = sourcecode.c.h; path = ReadTrainTableViewController.h; sourceTree = "<group>"; };
		C83DBC681DCD726900CF29C0 /* ReadTrainTableViewController.m */ = {isa = PBXFileReference; fileEncoding = 4; lastKnownFileType = sourcecode.c.objc; path = ReadTrainTableViewController.m; sourceTree = "<group>"; };
		C83DBC6A1DCD734C00CF29C0 /* AboutTableViewController.h */ = {isa = PBXFileReference; fileEncoding = 4; lastKnownFileType = sourcecode.c.h; path = AboutTableViewController.h; sourceTree = "<group>"; };
		C83DBC6B1DCD734C00CF29C0 /* AboutTableViewController.m */ = {isa = PBXFileReference; fileEncoding = 4; lastKnownFileType = sourcecode.c.objc; path = AboutTableViewController.m; sourceTree = "<group>"; };
		C83DBC6E1DCD755D00CF29C0 /* GLog.h */ = {isa = PBXFileReference; fileEncoding = 4; lastKnownFileType = sourcecode.c.h; path = GLog.h; sourceTree = "<group>"; };
		C83DBC6F1DCD755D00CF29C0 /* GLogZone.h */ = {isa = PBXFileReference; fileEncoding = 4; lastKnownFileType = sourcecode.c.h; path = GLogZone.h; sourceTree = "<group>"; };
		C83DBC701DCD755D00CF29C0 /* iOSLogEngine.h */ = {isa = PBXFileReference; fileEncoding = 4; lastKnownFileType = sourcecode.c.h; path = iOSLogEngine.h; sourceTree = "<group>"; };
		C83DBC711DCD755D00CF29C0 /* iOSLogEngine.mm */ = {isa = PBXFileReference; fileEncoding = 4; lastKnownFileType = sourcecode.cpp.objcpp; path = iOSLogEngine.mm; sourceTree = "<group>"; };
		C83DBC721DCD755D00CF29C0 /* stdafxLog.h */ = {isa = PBXFileReference; fileEncoding = 4; lastKnownFileType = sourcecode.c.h; path = stdafxLog.h; sourceTree = "<group>"; };
		C83DBC741DCD75AE00CF29C0 /* ToolCommon.h */ = {isa = PBXFileReference; fileEncoding = 4; lastKnownFileType = sourcecode.c.h; path = ToolCommon.h; sourceTree = "<group>"; };
		C83DBC751DCD75AE00CF29C0 /* ToolCommon.m */ = {isa = PBXFileReference; fileEncoding = 4; lastKnownFileType = sourcecode.c.objc; path = ToolCommon.m; sourceTree = "<group>"; };
		C83DBC781DCD7CD900CF29C0 /* profile.png */ = {isa = PBXFileReference; lastKnownFileType = image.png; path = profile.png; sourceTree = "<group>"; };
		C83DBC7A1DCD84EE00CF29C0 /* UICommon.h */ = {isa = PBXFileReference; fileEncoding = 4; lastKnownFileType = sourcecode.c.h; path = UICommon.h; sourceTree = "<group>"; };
		C83DBC7B1DCD84EE00CF29C0 /* UICommon.m */ = {isa = PBXFileReference; fileEncoding = 4; lastKnownFileType = sourcecode.c.objc; path = UICommon.m; sourceTree = "<group>"; };
		C83DBC7D1DCD855500CF29C0 /* home_icon_cebianlan_normal.png */ = {isa = PBXFileReference; lastKnownFileType = image.png; path = home_icon_cebianlan_normal.png; sourceTree = "<group>"; };
		C83DBC7E1DCD855500CF29C0 /* home_icon_cebianlan_selected.png */ = {isa = PBXFileReference; lastKnownFileType = image.png; path = home_icon_cebianlan_selected.png; sourceTree = "<group>"; };
		C83DBC811DCDBE0400CF29C0 /* home_icon_cebianlan_selecte.png */ = {isa = PBXFileReference; lastKnownFileType = image.png; path = home_icon_cebianlan_selecte.png; sourceTree = "<group>"; };
		C83DBCDE1DD3137100CF29C0 /* libBusinessProcessLayer.a */ = {isa = PBXFileReference; lastKnownFileType = archive.ar; name = libBusinessProcessLayer.a; path = "../../../Library/Developer/Xcode/DerivedData/QuickRead-fdwqlytkhzdrcceuaagrpnzxantl/Build/Products/Debug-iphonesimulator/libBusinessProcessLayer.a"; sourceTree = "<group>"; };
		C83DBCEB1DD31B5800CF29C0 /* create_load.sql */ = {isa = PBXFileReference; fileEncoding = 4; lastKnownFileType = text; path = create_load.sql; sourceTree = "<group>"; };
		C83DBCEC1DD31B5800CF29C0 /* db1.sql */ = {isa = PBXFileReference; fileEncoding = 4; lastKnownFileType = text; path = db1.sql; sourceTree = "<group>"; };
		C83DBCED1DD31B5800CF29C0 /* db1.sqlite */ = {isa = PBXFileReference; lastKnownFileType = file; path = db1.sqlite; sourceTree = "<group>"; };
		C83DBCEE1DD31B5800CF29C0 /* DBConfig.plist */ = {isa = PBXFileReference; fileEncoding = 4; lastKnownFileType = text.plist.xml; path = DBConfig.plist; sourceTree = "<group>"; };
/* End PBXFileReference section */

/* Begin PBXFrameworksBuildPhase section */
		6D2161451DC8C9EB00015167 /* Frameworks */ = {
			isa = PBXFrameworksBuildPhase;
			buildActionMask = 2147483647;
			files = (
				C82185E21DD45DB10094128F /* libDataProcessLayer.a in Frameworks */,
				6D63E6441DCF4F8600667AF6 /* libsqlite3.0.tbd in Frameworks */,
			);
			runOnlyForDeploymentPostprocessing = 0;
		};
/* End PBXFrameworksBuildPhase section */

/* Begin PBXGroup section */
		6D21613F1DC8C9EB00015167 = {
			isa = PBXGroup;
			children = (
				6D21614A1DC8C9EB00015167 /* testTextView */,
				6D2161491DC8C9EB00015167 /* Products */,
				6D63E6421DCF4F8500667AF6 /* Frameworks */,
			);
			sourceTree = "<group>";
		};
		6D2161491DC8C9EB00015167 /* Products */ = {
			isa = PBXGroup;
			children = (
				6D2161481DC8C9EB00015167 /* testTextView.app */,
			);
			name = Products;
			sourceTree = "<group>";
		};
		6D21614A1DC8C9EB00015167 /* testTextView */ = {
			isa = PBXGroup;
			children = (
				C83DBCEA1DD31B5800CF29C0 /* DBFile */,
				C83DBC771DCD7CD900CF29C0 /* Images */,
				C83DBC6D1DCD755D00CF29C0 /* LogEngine */,
				C83DBC4E1DCD711A00CF29C0 /* SideMenu */,
				C83DBC7A1DCD84EE00CF29C0 /* UICommon.h */,
				C83DBC7B1DCD84EE00CF29C0 /* UICommon.m */,
				6D21614E1DC8C9EB00015167 /* AppDelegate.h */,
				6D21614F1DC8C9EB00015167 /* AppDelegate.m */,
				C83DBC671DCD726900CF29C0 /* ReadTrainTableViewController.h */,
				C83DBC681DCD726900CF29C0 /* ReadTrainTableViewController.m */,
				C82185D11DD4206D0094128F /* ReadTestTableViewController.h */,
				C82185D21DD4206D0094128F /* ReadTestTableViewController.m */,
				C82185D91DD43F0E0094128F /* TestQuestionViewController.h */,
				C82185DA1DD43F0E0094128F /* TestQuestionViewController.m */,
				C82185DB1DD43F0E0094128F /* TestQuestionViewController.xib */,
				C82185DE1DD43F1E0094128F /* TestPageTableViewController.h */,
				C82185DF1DD43F1E0094128F /* TestPageTableViewController.m */,
				C83DBC6A1DCD734C00CF29C0 /* AboutTableViewController.h */,
				C83DBC6B1DCD734C00CF29C0 /* AboutTableViewController.m */,
				C83DBC741DCD75AE00CF29C0 /* ToolCommon.h */,
				C83DBC751DCD75AE00CF29C0 /* ToolCommon.m */,
				6D2161511DC8C9EB00015167 /* ViewController.h */,
				6D2161521DC8C9EB00015167 /* ViewController.m */,
				6D2161541DC8C9EB00015167 /* Main.storyboard */,
				6D2161571DC8C9EB00015167 /* Assets.xcassets */,
				6D2161591DC8C9EB00015167 /* LaunchScreen.storyboard */,
				6D21615C1DC8C9EB00015167 /* Info.plist */,
				6D21614B1DC8C9EB00015167 /* Supporting Files */,
			);
			path = testTextView;
			sourceTree = "<group>";
		};
		6D21614B1DC8C9EB00015167 /* Supporting Files */ = {
			isa = PBXGroup;
			children = (
				6D21614C1DC8C9EB00015167 /* main.m */,
			);
			name = "Supporting Files";
			sourceTree = "<group>";
		};
		6D63E6421DCF4F8500667AF6 /* Frameworks */ = {
			isa = PBXGroup;
			children = (
				C82185E11DD45DB10094128F /* libDataProcessLayer.a */,
				C83DBCDE1DD3137100CF29C0 /* libBusinessProcessLayer.a */,
				6D63E6431DCF4F8600667AF6 /* libsqlite3.0.tbd */,
			);
			name = Frameworks;
			sourceTree = "<group>";
		};
		C83DBC4E1DCD711A00CF29C0 /* SideMenu */ = {
			isa = PBXGroup;
			children = (
				C83DBC4F1DCD711A00CF29C0 /* DEMOFirstViewController.h */,
				C83DBC501DCD711A00CF29C0 /* DEMOFirstViewController.m */,
				C83DBC511DCD711A00CF29C0 /* DEMOLeftMenuViewController.h */,
				C83DBC521DCD711A00CF29C0 /* DEMOLeftMenuViewController.m */,
				C83DBC531DCD711A00CF29C0 /* DEMORightMenuViewController.h */,
				C83DBC541DCD711A00CF29C0 /* DEMORightMenuViewController.m */,
				C83DBC551DCD711A00CF29C0 /* DEMOSecondViewController.h */,
				C83DBC561DCD711A00CF29C0 /* DEMOSecondViewController.m */,
				C83DBC571DCD711A00CF29C0 /* Images.xcassets */,
				C83DBC581DCD711A00CF29C0 /* RESideMenu */,
			);
			path = SideMenu;
			sourceTree = "<group>";
		};
		C83DBC581DCD711A00CF29C0 /* RESideMenu */ = {
			isa = PBXGroup;
			children = (
				C83DBC591DCD711A00CF29C0 /* RECommonFunctions.h */,
				C83DBC5A1DCD711A00CF29C0 /* RECommonFunctions.m */,
				C83DBC5B1DCD711A00CF29C0 /* RESideMenu.h */,
				C83DBC5C1DCD711A00CF29C0 /* RESideMenu.m */,
				C83DBC5D1DCD711A00CF29C0 /* UIViewController+RESideMenu.h */,
				C83DBC5E1DCD711A00CF29C0 /* UIViewController+RESideMenu.m */,
			);
			path = RESideMenu;
			sourceTree = "<group>";
		};
		C83DBC6D1DCD755D00CF29C0 /* LogEngine */ = {
			isa = PBXGroup;
			children = (
				C83DBC6E1DCD755D00CF29C0 /* GLog.h */,
				C83DBC6F1DCD755D00CF29C0 /* GLogZone.h */,
				C83DBC701DCD755D00CF29C0 /* iOSLogEngine.h */,
				C83DBC711DCD755D00CF29C0 /* iOSLogEngine.mm */,
				C83DBC721DCD755D00CF29C0 /* stdafxLog.h */,
			);
			path = LogEngine;
			sourceTree = "<group>";
		};
		C83DBC771DCD7CD900CF29C0 /* Images */ = {
			isa = PBXGroup;
			children = (
				C83DBC811DCDBE0400CF29C0 /* home_icon_cebianlan_selecte.png */,
				C83DBC7D1DCD855500CF29C0 /* home_icon_cebianlan_normal.png */,
				C83DBC7E1DCD855500CF29C0 /* home_icon_cebianlan_selected.png */,
				C83DBC781DCD7CD900CF29C0 /* profile.png */,
			);
			path = Images;
			sourceTree = "<group>";
		};
		C83DBCEA1DD31B5800CF29C0 /* DBFile */ = {
			isa = PBXGroup;
			children = (
				C83DBCEB1DD31B5800CF29C0 /* create_load.sql */,
				C83DBCEC1DD31B5800CF29C0 /* db1.sql */,
				C83DBCED1DD31B5800CF29C0 /* db1.sqlite */,
				C83DBCEE1DD31B5800CF29C0 /* DBConfig.plist */,
			);
			name = DBFile;
			path = ../../DBFile;
			sourceTree = "<group>";
		};
/* End PBXGroup section */

/* Begin PBXNativeTarget section */
		6D2161471DC8C9EB00015167 /* testTextView */ = {
			isa = PBXNativeTarget;
			buildConfigurationList = 6D21615F1DC8C9EB00015167 /* Build configuration list for PBXNativeTarget "testTextView" */;
			buildPhases = (
				6D2161441DC8C9EB00015167 /* Sources */,
				6D2161451DC8C9EB00015167 /* Frameworks */,
				6D2161461DC8C9EB00015167 /* Resources */,
			);
			buildRules = (
			);
			dependencies = (
			);
			name = testTextView;
			productName = testTextView;
			productReference = 6D2161481DC8C9EB00015167 /* testTextView.app */;
			productType = "com.apple.product-type.application";
		};
/* End PBXNativeTarget section */

/* Begin PBXProject section */
		6D2161401DC8C9EB00015167 /* Project object */ = {
			isa = PBXProject;
			attributes = {
				LastUpgradeCheck = 0800;
				ORGANIZATIONNAME = "ml ";
				TargetAttributes = {
					6D2161471DC8C9EB00015167 = {
						CreatedOnToolsVersion = 8.0;
						DevelopmentTeam = NZ6KCMA9HH;
						ProvisioningStyle = Automatic;
					};
				};
			};
			buildConfigurationList = 6D2161431DC8C9EB00015167 /* Build configuration list for PBXProject "testTextView" */;
			compatibilityVersion = "Xcode 3.2";
			developmentRegion = English;
			hasScannedForEncodings = 0;
			knownRegions = (
				en,
				Base,
			);
			mainGroup = 6D21613F1DC8C9EB00015167;
			productRefGroup = 6D2161491DC8C9EB00015167 /* Products */;
			projectDirPath = "";
			projectRoot = "";
			targets = (
				6D2161471DC8C9EB00015167 /* testTextView */,
			);
		};
/* End PBXProject section */

/* Begin PBXResourcesBuildPhase section */
		6D2161461DC8C9EB00015167 /* Resources */ = {
			isa = PBXResourcesBuildPhase;
			buildActionMask = 2147483647;
			files = (
				6D21615B1DC8C9EB00015167 /* LaunchScreen.storyboard in Resources */,
				C83DBC631DCD711A00CF29C0 /* Images.xcassets in Resources */,
				C83DBCF11DD31B5800CF29C0 /* db1.sqlite in Resources */,
				C83DBC801DCD855600CF29C0 /* home_icon_cebianlan_selected.png in Resources */,
				C83DBCF21DD31B5800CF29C0 /* DBConfig.plist in Resources */,
				C83DBC821DCDBE0400CF29C0 /* home_icon_cebianlan_selecte.png in Resources */,
				C83DBC7F1DCD855600CF29C0 /* home_icon_cebianlan_normal.png in Resources */,
				C83DBCEF1DD31B5800CF29C0 /* create_load.sql in Resources */,
				6D2161581DC8C9EB00015167 /* Assets.xcassets in Resources */,
				C83DBC791DCD7CD900CF29C0 /* profile.png in Resources */,
				C83DBCF01DD31B5800CF29C0 /* db1.sql in Resources */,
				6D2161561DC8C9EB00015167 /* Main.storyboard in Resources */,
				C82185DD1DD43F0E0094128F /* TestQuestionViewController.xib in Resources */,
			);
			runOnlyForDeploymentPostprocessing = 0;
		};
/* End PBXResourcesBuildPhase section */

/* Begin PBXSourcesBuildPhase section */
		6D2161441DC8C9EB00015167 /* Sources */ = {
			isa = PBXSourcesBuildPhase;
			buildActionMask = 2147483647;
			files = (
				C83DBC731DCD755D00CF29C0 /* iOSLogEngine.mm in Sources */,
				C83DBC691DCD726900CF29C0 /* ReadTrainTableViewController.m in Sources */,
				C83DBC601DCD711A00CF29C0 /* DEMOLeftMenuViewController.m in Sources */,
				C83DBC7C1DCD84EE00CF29C0 /* UICommon.m in Sources */,
				C83DBC5F1DCD711A00CF29C0 /* DEMOFirstViewController.m in Sources */,
				6D2161531DC8C9EB00015167 /* ViewController.m in Sources */,
				C82185E01DD43F1E0094128F /* TestPageTableViewController.m in Sources */,
				6D2161501DC8C9EB00015167 /* AppDelegate.m in Sources */,
				C83DBC621DCD711A00CF29C0 /* DEMOSecondViewController.m in Sources */,
				C82185DC1DD43F0E0094128F /* TestQuestionViewController.m in Sources */,
				6D21614D1DC8C9EB00015167 /* main.m in Sources */,
				C83DBC6C1DCD734C00CF29C0 /* AboutTableViewController.m in Sources */,
				C83DBC611DCD711A00CF29C0 /* DEMORightMenuViewController.m in Sources */,
				C82185D31DD4206D0094128F /* ReadTestTableViewController.m in Sources */,
				C83DBC661DCD711A00CF29C0 /* UIViewController+RESideMenu.m in Sources */,
				C83DBC651DCD711A00CF29C0 /* RESideMenu.m in Sources */,
				C83DBC761DCD75AE00CF29C0 /* ToolCommon.m in Sources */,
				C83DBC641DCD711A00CF29C0 /* RECommonFunctions.m in Sources */,
			);
			runOnlyForDeploymentPostprocessing = 0;
		};
/* End PBXSourcesBuildPhase section */

/* Begin PBXVariantGroup section */
		6D2161541DC8C9EB00015167 /* Main.storyboard */ = {
			isa = PBXVariantGroup;
			children = (
				6D2161551DC8C9EB00015167 /* Base */,
			);
			name = Main.storyboard;
			sourceTree = "<group>";
		};
		6D2161591DC8C9EB00015167 /* LaunchScreen.storyboard */ = {
			isa = PBXVariantGroup;
			children = (
				6D21615A1DC8C9EB00015167 /* Base */,
			);
			name = LaunchScreen.storyboard;
			sourceTree = "<group>";
		};
/* End PBXVariantGroup section */

/* Begin XCBuildConfiguration section */
		6D21615D1DC8C9EB00015167 /* Debug */ = {
			isa = XCBuildConfiguration;
			buildSettings = {
				ALWAYS_SEARCH_USER_PATHS = NO;
				CLANG_ANALYZER_NONNULL = YES;
				CLANG_CXX_LANGUAGE_STANDARD = "gnu++0x";
				CLANG_CXX_LIBRARY = "libc++";
				CLANG_ENABLE_MODULES = YES;
				CLANG_ENABLE_OBJC_ARC = YES;
				CLANG_WARN_BOOL_CONVERSION = YES;
				CLANG_WARN_CONSTANT_CONVERSION = YES;
				CLANG_WARN_DIRECT_OBJC_ISA_USAGE = YES_ERROR;
				CLANG_WARN_DOCUMENTATION_COMMENTS = YES;
				CLANG_WARN_EMPTY_BODY = YES;
				CLANG_WARN_ENUM_CONVERSION = YES;
				CLANG_WARN_INFINITE_RECURSION = YES;
				CLANG_WARN_INT_CONVERSION = YES;
				CLANG_WARN_OBJC_ROOT_CLASS = YES_ERROR;
				CLANG_WARN_SUSPICIOUS_MOVES = YES;
				CLANG_WARN_UNREACHABLE_CODE = YES;
				CLANG_WARN__DUPLICATE_METHOD_MATCH = YES;
				"CODE_SIGN_IDENTITY[sdk=iphoneos*]" = "iPhone Developer";
				COPY_PHASE_STRIP = NO;
				DEBUG_INFORMATION_FORMAT = dwarf;
				ENABLE_STRICT_OBJC_MSGSEND = YES;
				ENABLE_TESTABILITY = YES;
				GCC_C_LANGUAGE_STANDARD = gnu99;
				GCC_DYNAMIC_NO_PIC = NO;
				GCC_NO_COMMON_BLOCKS = YES;
				GCC_OPTIMIZATION_LEVEL = 0;
				GCC_PREPROCESSOR_DEFINITIONS = (
					"DEBUG=1",
					"$(inherited)",
				);
				GCC_WARN_64_TO_32_BIT_CONVERSION = YES;
				GCC_WARN_ABOUT_RETURN_TYPE = YES_ERROR;
				GCC_WARN_UNDECLARED_SELECTOR = YES;
				GCC_WARN_UNINITIALIZED_AUTOS = YES_AGGRESSIVE;
				GCC_WARN_UNUSED_FUNCTION = YES;
				GCC_WARN_UNUSED_VARIABLE = YES;
				IPHONEOS_DEPLOYMENT_TARGET = 10.0;
				MTL_ENABLE_DEBUG_INFO = YES;
				ONLY_ACTIVE_ARCH = YES;
				SDKROOT = iphoneos;
				TARGETED_DEVICE_FAMILY = "1,2";
			};
			name = Debug;
		};
		6D21615E1DC8C9EB00015167 /* Release */ = {
			isa = XCBuildConfiguration;
			buildSettings = {
				ALWAYS_SEARCH_USER_PATHS = NO;
				CLANG_ANALYZER_NONNULL = YES;
				CLANG_CXX_LANGUAGE_STANDARD = "gnu++0x";
				CLANG_CXX_LIBRARY = "libc++";
				CLANG_ENABLE_MODULES = YES;
				CLANG_ENABLE_OBJC_ARC = YES;
				CLANG_WARN_BOOL_CONVERSION = YES;
				CLANG_WARN_CONSTANT_CONVERSION = YES;
				CLANG_WARN_DIRECT_OBJC_ISA_USAGE = YES_ERROR;
				CLANG_WARN_DOCUMENTATION_COMMENTS = YES;
				CLANG_WARN_EMPTY_BODY = YES;
				CLANG_WARN_ENUM_CONVERSION = YES;
				CLANG_WARN_INFINITE_RECURSION = YES;
				CLANG_WARN_INT_CONVERSION = YES;
				CLANG_WARN_OBJC_ROOT_CLASS = YES_ERROR;
				CLANG_WARN_SUSPICIOUS_MOVES = YES;
				CLANG_WARN_UNREACHABLE_CODE = YES;
				CLANG_WARN__DUPLICATE_METHOD_MATCH = YES;
				"CODE_SIGN_IDENTITY[sdk=iphoneos*]" = "iPhone Developer";
				COPY_PHASE_STRIP = NO;
				DEBUG_INFORMATION_FORMAT = "dwarf-with-dsym";
				ENABLE_NS_ASSERTIONS = NO;
				ENABLE_STRICT_OBJC_MSGSEND = YES;
				GCC_C_LANGUAGE_STANDARD = gnu99;
				GCC_NO_COMMON_BLOCKS = YES;
				GCC_WARN_64_TO_32_BIT_CONVERSION = YES;
				GCC_WARN_ABOUT_RETURN_TYPE = YES_ERROR;
				GCC_WARN_UNDECLARED_SELECTOR = YES;
				GCC_WARN_UNINITIALIZED_AUTOS = YES_AGGRESSIVE;
				GCC_WARN_UNUSED_FUNCTION = YES;
				GCC_WARN_UNUSED_VARIABLE = YES;
				IPHONEOS_DEPLOYMENT_TARGET = 10.0;
				MTL_ENABLE_DEBUG_INFO = NO;
				SDKROOT = iphoneos;
				TARGETED_DEVICE_FAMILY = "1,2";
				VALIDATE_PRODUCT = YES;
			};
			name = Release;
		};
		6D2161601DC8C9EB00015167 /* Debug */ = {
			isa = XCBuildConfiguration;
			buildSettings = {
				ASSETCATALOG_COMPILER_APPICON_NAME = AppIcon;
				DEVELOPMENT_TEAM = NZ6KCMA9HH;
				INFOPLIST_FILE = testTextView/Info.plist;
				LD_RUNPATH_SEARCH_PATHS = "$(inherited) @executable_path/Frameworks";
				PRODUCT_BUNDLE_IDENTIFIER = com.gxl.testTextView;
				PRODUCT_NAME = "$(TARGET_NAME)";
				USER_HEADER_SEARCH_PATHS = "$(BUILT_PRODUCTS_DIR)/**";
			};
			name = Debug;
		};
		6D2161611DC8C9EB00015167 /* Release */ = {
			isa = XCBuildConfiguration;
			buildSettings = {
				ASSETCATALOG_COMPILER_APPICON_NAME = AppIcon;
				DEVELOPMENT_TEAM = NZ6KCMA9HH;
				INFOPLIST_FILE = testTextView/Info.plist;
				LD_RUNPATH_SEARCH_PATHS = "$(inherited) @executable_path/Frameworks";
				PRODUCT_BUNDLE_IDENTIFIER = com.gxl.testTextView;
				PRODUCT_NAME = "$(TARGET_NAME)";
				USER_HEADER_SEARCH_PATHS = "$(BUILT_PRODUCTS_DIR)/**";
			};
			name = Release;
		};
/* End XCBuildConfiguration section */

/* Begin XCConfigurationList section */
		6D2161431DC8C9EB00015167 /* Build configuration list for PBXProject "testTextView" */ = {
			isa = XCConfigurationList;
			buildConfigurations = (
				6D21615D1DC8C9EB00015167 /* Debug */,
				6D21615E1DC8C9EB00015167 /* Release */,
			);
			defaultConfigurationIsVisible = 0;
			defaultConfigurationName = Release;
		};
		6D21615F1DC8C9EB00015167 /* Build configuration list for PBXNativeTarget "testTextView" */ = {
			isa = XCConfigurationList;
			buildConfigurations = (
				6D2161601DC8C9EB00015167 /* Debug */,
				6D2161611DC8C9EB00015167 /* Release */,
			);
			defaultConfigurationIsVisible = 0;
			defaultConfigurationName = Release;
		};
/* End XCConfigurationList section */
	};
	rootObject = 6D2161401DC8C9EB00015167 /* Project object */;
}
